
Microsoft Visual Studio Solution File, Format Version 12.00
# Visual Studio 14
VisualStudioVersion = 14.0.25420.1
MinimumVisualStudioVersion = 10.0.40219.1
Project("{8BC9CEB8-8B4A-11D0-8D11-00A0C91BC942}") = "chapter16", "chapter16\chapter16.vcxproj", "{D4F736BE-9C45-4E37-86ED-6DFDE427E744}"
EndProject
Project("{8BC9CEB8-8B4A-11D0-8D11-00A0C91BC942}") = "1", "1\1.vcxproj", "{AC2E6E22-C1D7-4F74-B3B0-1DF0AC8913D6}"
EndProject
Project("{8BC9CEB8-8B4A-11D0-8D11-00A0C91BC942}") = "2", "2\2.vcxproj", "{A2D84F53-955D-463A-85C4-D646F48C9034}"
EndProject
Project("{8BC9CEB8-8B4A-11D0-8D11-00A0C91BC942}") = "3", "3\3.vcxproj", "{9E82F95C-73AE-453E-87FA-6D9FB0A7AD17}"
EndProject
Global
	GlobalSection(SolutionConfigurationPlatforms) = preSolution
		Debug|x64 = Debug|x64
		Debug|x86 = Debug|x86
		Release|x64 = Release|x64
		Release|x86 = Release|x86
	EndGlobalSection
	GlobalSection(ProjectConfigurationPlatforms) = postSolution
		{D4F736BE-9C45-4E37-86ED-6DFDE427E744}.Debug|x64.ActiveCfg = Debug|x64
		{D4F736BE-9C45-4E37-86ED-6DFDE427E744}.Debug|x64.Build.0 = Debug|x64
		{D4F736BE-9C45-4E37-86ED-6DFDE427E744}.Debug|x86.ActiveCfg = Debug|Win32
		{D4F736BE-9C45-4E37-86ED-6DFDE427E744}.Debug|x86.Build.0 = Debug|Win32
		{D4F736BE-9C45-4E37-86ED-6DFDE427E744}.Release|x64.ActiveCfg = Release|x64
		{D4F736BE-9C45-4E37-86ED-6DFDE427E744}.Release|x64.Build.0 = Release|x64
		{D4F736BE-9C45-4E37-86ED-6DFDE427E744}.Release|x86.ActiveCfg = Release|Win32
		{D4F736BE-9C45-4E37-86ED-6DFDE427E744}.Release|x86.Build.0 = Release|Win32
		{AC2E6E22-C1D7-4F74-B3B0-1DF0AC8913D6}.Debug|x64.ActiveCfg = Debug|x64
		{AC2E6E22-C1D7-4F74-B3B0-1DF0AC8913D6}.Debug|x64.Build.0 = Debug|x64
		{AC2E6E22-C1D7-4F74-B3B0-1DF0AC8913D6}.Debug|x86.ActiveCfg = Debug|Win32
		{AC2E6E22-C1D7-4F74-B3B0-1DF0AC8913D6}.Debug|x86.Build.0 = Debug|Win32
		{AC2E6E22-C1D7-4F74-B3B0-1DF0AC8913D6}.Release|x64.ActiveCfg = Release|x64
		{AC2E6E22-C1D7-4F74-B3B0-1DF0AC8913D6}.Release|x64.Build.0 = Release|x64
		{AC2E6E22-C1D7-4F74-B3B0-1DF0AC8913D6}.Release|x86.ActiveCfg = Release|Win32
		{AC2E6E22-C1D7-4F74-B3B0-1DF0AC8913D6}.Release|x86.Build.0 = Release|Win32
		{A2D84F53-955D-463A-85C4-D646F48C9034}.Debug|x64.ActiveCfg = Debug|x64
		{A2D84F53-955D-463A-85C4-D646F48C9034}.Debug|x64.Build.0 = Debug|x64
		{A2D84F53-955D-463A-85C4-D646F48C9034}.Debug|x86.ActiveCfg = Debug|Win32
		{A2D84F53-955D-463A-85C4-D646F48C9034}.Debug|x86.Build.0 = Debug|Win32
		{A2D84F53-955D-463A-85C4-D646F48C9034}.Release|x64.ActiveCfg = Release|x64
		{A2D84F53-955D-463A-85C4-D646F48C9034}.Release|x64.Build.0 = Release|x64
		{A2D84F53-955D-463A-85C4-D646F48C9034}.Release|x86.ActiveCfg = Release|Win32
		{A2D84F53-955D-463A-85C4-D646F48C9034}.Release|x86.Build.0 = Release|Win32
		{9E82F95C-73AE-453E-87FA-6D9FB0A7AD17}.Debug|x64.ActiveCfg = Debug|x64
		{9E82F95C-73AE-453E-87FA-6D9FB0A7AD17}.Debug|x64.Build.0 = Debug|x64
		{9E82F95C-73AE-453E-87FA-6D9FB0A7AD17}.Debug|x86.ActiveCfg = Debug|Win32
		{9E82F95C-73AE-453E-87FA-6D9FB0A7AD17}.Debug|x86.Build.0 = Debug|Win32
		{9E82F95C-73AE-453E-87FA-6D9FB0A7AD17}.Release|x64.ActiveCfg = Release|x64
		{9E82F95C-73AE-453E-87FA-6D9FB0A7AD17}.Release|x64.Build.0 = Release|x64
		{9E82F95C-73AE-453E-87FA-6D9FB0A7AD17}.Release|x86.ActiveCfg = Release|Win32
		{9E82F95C-73AE-453E-87FA-6D9FB0A7AD17}.Release|x86.Build.0 = Release|Win32
	EndGlobalSection
	GlobalSection(SolutionProperties) = preSolution
		HideSolutionNode = FALSE
	EndGlobalSection
EndGlobal
